# THIS IS AN AUTOGENERATED FILE. DO NOT EDIT THIS FILE DIRECTLY.
# yarn lockfile v1


"esbuild-windows-64@0.13.15":
  "integrity" "sha512-9aMsPRGDWCd3bGjUIKG/ZOJPKsiztlxl/Q3C1XDswO6eNX/Jtwu4M+jb6YDH9hRSUflQWX0XKAfWzgy5Wk54JQ=="
  "resolved" "https://registry.npmmirror.com/esbuild-windows-64/download/esbuild-windows-64-0.13.15.tgz"
  "version" "0.13.15"

"esbuild@^0.13.2":
  "integrity" "sha512-raCxt02HBKv8RJxE8vkTSCXGIyKHdEdGfUmiYb8wnabnaEmHzyW7DCHb5tEN0xU8ryqg5xw54mcwnYkC4x3AIw=="
  "resolved" "https://registry.npmmirror.com/esbuild/download/esbuild-0.13.15.tgz"
  "version" "0.13.15"
  optionalDependencies:
    "esbuild-android-arm64" "0.13.15"
    "esbuild-darwin-64" "0.13.15"
    "esbuild-darwin-arm64" "0.13.15"
    "esbuild-freebsd-64" "0.13.15"
    "esbuild-freebsd-arm64" "0.13.15"
    "esbuild-linux-32" "0.13.15"
    "esbuild-linux-64" "0.13.15"
    "esbuild-linux-arm" "0.13.15"
    "esbuild-linux-arm64" "0.13.15"
    "esbuild-linux-mips64le" "0.13.15"
    "esbuild-linux-ppc64le" "0.13.15"
    "esbuild-netbsd-64" "0.13.15"
    "esbuild-openbsd-64" "0.13.15"
    "esbuild-sunos-64" "0.13.15"
    "esbuild-windows-32" "0.13.15"
    "esbuild-windows-64" "0.13.15"
    "esbuild-windows-arm64" "0.13.15"

"function-bind@^1.1.1":
  "integrity" "sha1-pWiZ0+o8m6uHS7l3O3xe3pL0iV0="
  "resolved" "https://registry.npm.taobao.org/function-bind/download/function-bind-1.1.1.tgz"
  "version" "1.1.1"

"has@^1.0.3":
  "integrity" "sha1-ci18v8H2qoJB8W3YFOAR4fQeh5Y="
  "resolved" "https://registry.npm.taobao.org/has/download/has-1.0.3.tgz"
  "version" "1.0.3"
  dependencies:
    "function-bind" "^1.1.1"

"is-core-module@^2.2.0":
  "integrity" "sha1-AyEzbD0JJeSX/Zf12VyxFKXM1Ug="
  "resolved" "https://registry.npmmirror.com/is-core-module/download/is-core-module-2.8.0.tgz?cache=0&sync_timestamp=1634237302390&other_urls=https%3A%2F%2Fregistry.npmmirror.com%2Fis-core-module%2Fdownload%2Fis-core-module-2.8.0.tgz"
  "version" "2.8.0"
  dependencies:
    "has" "^1.0.3"

"nanoid@^3.1.30":
  "integrity" "sha1-Y/k8xUjSoRPcXfvGO/oJ4rm2Q2I="
  "resolved" "https://registry.npmmirror.com/nanoid/download/nanoid-3.1.30.tgz"
  "version" "3.1.30"

"path-parse@^1.0.6":
  "integrity" "sha1-+8EUtgykKzDZ2vWFjkvWi77bZzU="
  "resolved" "https://registry.nlark.com/path-parse/download/path-parse-1.0.7.tgz"
  "version" "1.0.7"

"picocolors@^1.0.0":
  "integrity" "sha1-y1vcdP8/UYkiNur3nWi8RFZKuBw="
  "resolved" "https://registry.npmmirror.com/picocolors/download/picocolors-1.0.0.tgz?cache=0&sync_timestamp=1634093378416&other_urls=https%3A%2F%2Fregistry.npmmirror.com%2Fpicocolors%2Fdownload%2Fpicocolors-1.0.0.tgz"
  "version" "1.0.0"

"postcss@^8.3.8":
  "integrity" "sha512-joU6fBsN6EIer28Lj6GDFoC/5yOZzLCfn0zHAn/MYXI7aPt4m4hK5KC5ovEZXy+lnCjmYIbQWngvju2ddyEr8Q=="
  "resolved" "https://registry.npmmirror.com/postcss/download/postcss-8.4.4.tgz"
  "version" "8.4.4"
  dependencies:
    "nanoid" "^3.1.30"
    "picocolors" "^1.0.0"
    "source-map-js" "^1.0.1"

"resolve@^1.20.0":
  "integrity" "sha1-YpoBP7P3B1XW8LeTXMHCxTeLGXU="
  "resolved" "https://registry.npm.taobao.org/resolve/download/resolve-1.20.0.tgz?cache=0&sync_timestamp=1613054898763&other_urls=https%3A%2F%2Fregistry.npm.taobao.org%2Fresolve%2Fdownload%2Fresolve-1.20.0.tgz"
  "version" "1.20.0"
  dependencies:
    "is-core-module" "^2.2.0"
    "path-parse" "^1.0.6"

"rollup@^2.57.0":
  "integrity" "sha512-1Bgjpq61sPjgoZzuiDSGvbI1tD91giZABgjCQBKM5aYLnzjq52GoDuWVwT/cm/MCxCMPU8gqQvkj8doQ5C8Oqw=="
  "resolved" "https://registry.npmmirror.com/rollup/download/rollup-2.60.2.tgz"
  "version" "2.60.2"
  optionalDependencies:
    "fsevents" "~2.3.2"

"source-map-js@^1.0.1":
  "integrity" "sha512-4+TN2b3tqOCd/kaGRJ/sTYA0tR0mdXx26ipdolxcwtJVqEnqNYvlCAt1q3ypy4QMlYus+Zh34RNtYLoq2oQ4IA=="
  "resolved" "https://registry.npmmirror.com/source-map-js/download/source-map-js-1.0.1.tgz"
  "version" "1.0.1"

"vite@^2.5.8":
  "integrity" "sha512-2HA9xGyi+EhY2MXo0+A2dRsqsAG3eFNEVIo12olkWhOmc8LfiM+eMdrXf+Ruje9gdXgvSqjLI9freec1RUM5EA=="
  "resolved" "https://registry.npmmirror.com/vite/download/vite-2.6.14.tgz"
  "version" "2.6.14"
  dependencies:
    "esbuild" "^0.13.2"
    "postcss" "^8.3.8"
    "resolve" "^1.20.0"
    "rollup" "^2.57.0"
  optionalDependencies:
    "fsevents" "~2.3.2"
